
Microsoft Visual Studio Solution File, Format Version 12.00
# Visual Studio Version 17
VisualStudioVersion = 17.2.32630.192
MinimumVisualStudioVersion = 10.0.40219.1
Project("{FAE04EC0-301F-11D3-BF4B-00C04F79EFBC}") = "Abstract Factory", "Abstract Factory.csproj", "{44619368-705D-492A-AE4B-448A5C558290}"
EndProject
Global
	GlobalSection(SolutionConfigurationPlatforms) = preSolution
		Debug|Any CPU = Debug|Any CPU
		Release|Any CPU = Release|Any CPU
	EndGlobalSection
	GlobalSection(ProjectConfigurationPlatforms) = postSolution
		{44619368-705D-492A-AE4B-448A5C558290}.Debug|Any CPU.ActiveCfg = Debug|Any CPU
		{44619368-705D-492A-AE4B-448A5C558290}.Debug|Any CPU.Build.0 = Debug|Any CPU
		{44619368-705D-492A-AE4B-448A5C558290}.Release|Any CPU.ActiveCfg = Release|Any CPU
		{44619368-705D-492A-AE4B-448A5C558290}.Release|Any CPU.Build.0 = Release|Any CPU
	EndGlobalSection
	GlobalSection(SolutionProperties) = preSolution
		HideSolutionNode = FALSE
	EndGlobalSection
	GlobalSection(ExtensibilityGlobals) = postSolution
		SolutionGuid = {CC75CE50-31E8-46D8-9C0C-3B09C11B3AFF}
	EndGlobalSection
EndGlobal
